
Microsoft Visual Studio Solution File, Format Version 12.00
# Visual Studio 15
VisualStudioVersion = 15.0.28307.106
MinimumVisualStudioVersion = 10.0.40219.1
Project("{FAE04EC0-301F-11D3-BF4B-00C04F79EFBC}") = "FormatUtility", "FormatUtility\FormatUtility.csproj", "{D974C218-1C35-44D9-800E-5822C72838B7}"
EndProject
Project("{FAE04EC0-301F-11D3-BF4B-00C04F79EFBC}") = "ConsoleTest", "ConsoleTest\ConsoleTest.csproj", "{98DE72FC-89BF-4AE9-8389-48A286A6CCD2}"
EndProject
Global
	GlobalSection(SolutionConfigurationPlatforms) = preSolution
		Debug|Any CPU = Debug|Any CPU
		Release|Any CPU = Release|Any CPU
	EndGlobalSection
	GlobalSection(ProjectConfigurationPlatforms) = postSolution
		{D974C218-1C35-44D9-800E-5822C72838B7}.Debug|Any CPU.ActiveCfg = Debug|Any CPU
		{D974C218-1C35-44D9-800E-5822C72838B7}.Debug|Any CPU.Build.0 = Debug|Any CPU
		{D974C218-1C35-44D9-800E-5822C72838B7}.Release|Any CPU.ActiveCfg = Release|Any CPU
		{D974C218-1C35-44D9-800E-5822C72838B7}.Release|Any CPU.Build.0 = Release|Any CPU
		{98DE72FC-89BF-4AE9-8389-48A286A6CCD2}.Debug|Any CPU.ActiveCfg = Debug|Any CPU
		{98DE72FC-89BF-4AE9-8389-48A286A6CCD2}.Debug|Any CPU.Build.0 = Debug|Any CPU
		{98DE72FC-89BF-4AE9-8389-48A286A6CCD2}.Release|Any CPU.ActiveCfg = Release|Any CPU
		{98DE72FC-89BF-4AE9-8389-48A286A6CCD2}.Release|Any CPU.Build.0 = Release|Any CPU
	EndGlobalSection
	GlobalSection(SolutionProperties) = preSolution
		HideSolutionNode = FALSE
	EndGlobalSection
	GlobalSection(ExtensibilityGlobals) = postSolution
		SolutionGuid = {66A8D124-C046-45A8-9D97-CC9AF58E35D0}
	EndGlobalSection
EndGlobal
